
Microsoft Visual Studio Solution File, Format Version 12.00
Project("{FAE04EC0-301F-11D3-BF4B-00C04F79EFBC}") = "Minecraft", "Minecraft.csproj", "{62F38830-FDF6-4BDF-BB3C-E897791E23A7}"
EndProject
Global
	GlobalSection(SolutionConfigurationPlatforms) = preSolution
		Debug|Any CPU = Debug|Any CPU
		Release|Any CPU = Release|Any CPU
	EndGlobalSection
	GlobalSection(ProjectConfigurationPlatforms) = postSolution
		{62F38830-FDF6-4BDF-BB3C-E897791E23A7}.Debug|Any CPU.ActiveCfg = Debug|Any CPU
		{62F38830-FDF6-4BDF-BB3C-E897791E23A7}.Debug|Any CPU.Build.0 = Debug|Any CPU
		{62F38830-FDF6-4BDF-BB3C-E897791E23A7}.Release|Any CPU.ActiveCfg = Release|Any CPU
		{62F38830-FDF6-4BDF-BB3C-E897791E23A7}.Release|Any CPU.Build.0 = Release|Any CPU
	EndGlobalSection
EndGlobal
